
Microsoft Visual Studio Solution File, Format Version 12.00
# Visual Studio Version 17
VisualStudioVersion = 17.1.32120.378
MinimumVisualStudioVersion = 10.0.40219.1
Project("{FAE04EC0-301F-11D3-BF4B-00C04F79EFBC}") = "Problem1", "Problem1\Problem1.csproj", "{2BD7302D-4858-43E0-B567-F5CC41457920}"
EndProject
Project("{FAE04EC0-301F-11D3-BF4B-00C04F79EFBC}") = "GraphingCalc", "GraphingCalculator-master\GraphingCalc.csproj", "{1401EF03-8C3D-485A-BCEA-7D31CE357C45}"
EndProject
Project("{FAE04EC0-301F-11D3-BF4B-00C04F79EFBC}") = "calculator", "scientific-calculator-csharp-master\calculator\calculator.csproj", "{EE67470F-8E77-4E1B-B0E9-4128943461B2}"
EndProject
Project("{FAE04EC0-301F-11D3-BF4B-00C04F79EFBC}") = "Unit Test", "Unit Test\Unit Test.csproj", "{7C547583-C325-4DB4-9955-AECD26E619E7}"
EndProject
Project("{54435603-DBB4-11D2-8724-00A0C9A8B90C}") = "Setup", "Setup\Setup.vdproj", "{8B5F446F-7AFA-416B-9F84-06B3E1C8F8AD}"
EndProject
Project("{930C7802-8A8C-48F9-8165-68863BCCD9DD}") = "setup-calculature", "..\..\..\..\..\..\..\ce103-hw6-calc-app-cs\setup-calculature\setup-calculature.wixproj", "{E6915876-D5C2-4877-88B4-89DABBAEDA24}"
EndProject
Global
	GlobalSection(SolutionConfigurationPlatforms) = preSolution
		Debug|Any CPU = Debug|Any CPU
		Debug|x86 = Debug|x86
		Release|Any CPU = Release|Any CPU
		Release|x86 = Release|x86
	EndGlobalSection
	GlobalSection(ProjectConfigurationPlatforms) = postSolution
		{2BD7302D-4858-43E0-B567-F5CC41457920}.Debug|Any CPU.ActiveCfg = Debug|Any CPU
		{2BD7302D-4858-43E0-B567-F5CC41457920}.Debug|Any CPU.Build.0 = Debug|Any CPU
		{2BD7302D-4858-43E0-B567-F5CC41457920}.Debug|x86.ActiveCfg = Debug|Any CPU
		{2BD7302D-4858-43E0-B567-F5CC41457920}.Debug|x86.Build.0 = Debug|Any CPU
		{2BD7302D-4858-43E0-B567-F5CC41457920}.Release|Any CPU.ActiveCfg = Release|Any CPU
		{2BD7302D-4858-43E0-B567-F5CC41457920}.Release|Any CPU.Build.0 = Release|Any CPU
		{2BD7302D-4858-43E0-B567-F5CC41457920}.Release|x86.ActiveCfg = Release|Any CPU
		{2BD7302D-4858-43E0-B567-F5CC41457920}.Release|x86.Build.0 = Release|Any CPU
		{1401EF03-8C3D-485A-BCEA-7D31CE357C45}.Debug|Any CPU.ActiveCfg = Debug|Any CPU
		{1401EF03-8C3D-485A-BCEA-7D31CE357C45}.Debug|Any CPU.Build.0 = Debug|Any CPU
		{1401EF03-8C3D-485A-BCEA-7D31CE357C45}.Debug|x86.ActiveCfg = Debug|Any CPU
		{1401EF03-8C3D-485A-BCEA-7D31CE357C45}.Debug|x86.Build.0 = Debug|Any CPU
		{1401EF03-8C3D-485A-BCEA-7D31CE357C45}.Release|Any CPU.ActiveCfg = Release|Any CPU
		{1401EF03-8C3D-485A-BCEA-7D31CE357C45}.Release|Any CPU.Build.0 = Release|Any CPU
		{1401EF03-8C3D-485A-BCEA-7D31CE357C45}.Release|x86.ActiveCfg = Release|Any CPU
		{1401EF03-8C3D-485A-BCEA-7D31CE357C45}.Release|x86.Build.0 = Release|Any CPU
		{EE67470F-8E77-4E1B-B0E9-4128943461B2}.Debug|Any CPU.ActiveCfg = Debug|Any CPU
		{EE67470F-8E77-4E1B-B0E9-4128943461B2}.Debug|Any CPU.Build.0 = Debug|Any CPU
		{EE67470F-8E77-4E1B-B0E9-4128943461B2}.Debug|x86.ActiveCfg = Debug|Any CPU
		{EE67470F-8E77-4E1B-B0E9-4128943461B2}.Debug|x86.Build.0 = Debug|Any CPU
		{EE67470F-8E77-4E1B-B0E9-4128943461B2}.Release|Any CPU.ActiveCfg = Release|Any CPU
		{EE67470F-8E77-4E1B-B0E9-4128943461B2}.Release|Any CPU.Build.0 = Release|Any CPU
		{EE67470F-8E77-4E1B-B0E9-4128943461B2}.Release|x86.ActiveCfg = Release|Any CPU
		{EE67470F-8E77-4E1B-B0E9-4128943461B2}.Release|x86.Build.0 = Release|Any CPU
		{7C547583-C325-4DB4-9955-AECD26E619E7}.Debug|Any CPU.ActiveCfg = Debug|Any CPU
		{7C547583-C325-4DB4-9955-AECD26E619E7}.Debug|Any CPU.Build.0 = Debug|Any CPU
		{7C547583-C325-4DB4-9955-AECD26E619E7}.Debug|x86.ActiveCfg = Debug|Any CPU
		{7C547583-C325-4DB4-9955-AECD26E619E7}.Debug|x86.Build.0 = Debug|Any CPU
		{7C547583-C325-4DB4-9955-AECD26E619E7}.Release|Any CPU.ActiveCfg = Release|Any CPU
		{7C547583-C325-4DB4-9955-AECD26E619E7}.Release|Any CPU.Build.0 = Release|Any CPU
		{7C547583-C325-4DB4-9955-AECD26E619E7}.Release|x86.ActiveCfg = Release|Any CPU
		{7C547583-C325-4DB4-9955-AECD26E619E7}.Release|x86.Build.0 = Release|Any CPU
		{8B5F446F-7AFA-416B-9F84-06B3E1C8F8AD}.Debug|Any CPU.ActiveCfg = Debug
		{8B5F446F-7AFA-416B-9F84-06B3E1C8F8AD}.Debug|x86.ActiveCfg = Debug
		{8B5F446F-7AFA-416B-9F84-06B3E1C8F8AD}.Release|Any CPU.ActiveCfg = Release
		{8B5F446F-7AFA-416B-9F84-06B3E1C8F8AD}.Release|x86.ActiveCfg = Release
		{E6915876-D5C2-4877-88B4-89DABBAEDA24}.Debug|Any CPU.ActiveCfg = Debug|x86
		{E6915876-D5C2-4877-88B4-89DABBAEDA24}.Debug|Any CPU.Build.0 = Debug|x86
		{E6915876-D5C2-4877-88B4-89DABBAEDA24}.Debug|x86.ActiveCfg = Debug|x86
		{E6915876-D5C2-4877-88B4-89DABBAEDA24}.Debug|x86.Build.0 = Debug|x86
		{E6915876-D5C2-4877-88B4-89DABBAEDA24}.Release|Any CPU.ActiveCfg = Release|x86
		{E6915876-D5C2-4877-88B4-89DABBAEDA24}.Release|Any CPU.Build.0 = Release|x86
		{E6915876-D5C2-4877-88B4-89DABBAEDA24}.Release|x86.ActiveCfg = Release|x86
		{E6915876-D5C2-4877-88B4-89DABBAEDA24}.Release|x86.Build.0 = Release|x86
	EndGlobalSection
	GlobalSection(SolutionProperties) = preSolution
		HideSolutionNode = FALSE
	EndGlobalSection
	GlobalSection(ExtensibilityGlobals) = postSolution
		SolutionGuid = {73DF7577-AE7B-49D9-A980-61A9AB8D7C09}
	EndGlobalSection
EndGlobal
